Microsoft Visual Studio Solution File, Format Version 12.00
# Visual Studio Version 17
VisualStudioVersion = 17.5.2.0
MinimumVisualStudioVersion = 10.0.40219.1
Project("{FAE04EC0-301F-11D3-BF4B-00C04F79EFBC}") = "PokerTracker.API", "PokerTracker.API\PokerTracker.API.csproj", "{479DD315-E002-473D-76EA-9FF581616217}"
EndProject
Global
	GlobalSection(SolutionConfigurationPlatforms) = preSolution
		Debug|Any CPU = Debug|Any CPU
		Release|Any CPU = Release|Any CPU
	EndGlobalSection
	GlobalSection(ProjectConfigurationPlatforms) = postSolution
		{479DD315-E002-473D-76EA-9FF581616217}.Debug|Any CPU.ActiveCfg = Debug|Any CPU
		{479DD315-E002-473D-76EA-9FF581616217}.Debug|Any CPU.Build.0 = Debug|Any CPU
		{479DD315-E002-473D-76EA-9FF581616217}.Release|Any CPU.ActiveCfg = Release|Any CPU
		{479DD315-E002-473D-76EA-9FF581616217}.Release|Any CPU.Build.0 = Release|Any CPU
	EndGlobalSection
	GlobalSection(SolutionProperties) = preSolution
		HideSolutionNode = FALSE
	EndGlobalSection
	GlobalSection(ExtensibilityGlobals) = postSolution
		SolutionGuid = {DB902143-F6E8-410A-9B30-D99E07B980EC}
	EndGlobalSection
EndGlobal
